// !$*UTF8*$!
{
	archiveVersion = 1;
	classes = {
	};
	objectVersion = 46;
	objects = {

/* Begin PBXBuildFile section */
		03CC4D771D40147200A984DD /* main.m in Sources */ = {isa = PBXBuildFile; fileRef = 03CC4D761D40147200A984DD /* main.m */; };
		03CC4D7A1D40147200A984DD /* AppDelegate.m in Sources */ = {isa = PBXBuildFile; fileRef = 03CC4D791D40147200A984DD /* AppDelegate.m */; };
		03CC4D7D1D40147200A984DD /* ViewController.m in Sources */ = {isa = PBXBuildFile; fileRef = 03CC4D7C1D40147200A984DD /* ViewController.m */; };
		03CC4D801D40147200A984DD /* Main.storyboard in Resources */ = {isa = PBXBuildFile; fileRef = 03CC4D7E1D40147200A984DD /* Main.storyboard */; };
		03CC4D831D40147200A984DD /* RealEstate.xcdatamodeld in Sources */ = {isa = PBXBuildFile; fileRef = 03CC4D811D40147200A984DD /* RealEstate.xcdatamodeld */; };
		03CC4D851D40147200A984DD /* Assets.xcassets in Resources */ = {isa = PBXBuildFile; fileRef = 03CC4D841D40147200A984DD /* Assets.xcassets */; };
		03CC4D881D40147200A984DD /* LaunchScreen.storyboard in Resources */ = {isa = PBXBuildFile; fileRef = 03CC4D861D40147200A984DD /* LaunchScreen.storyboard */; };
		03CC4D941D402BDF00A984DD /* SignUpViewController.m in Sources */ = {isa = PBXBuildFile; fileRef = 03CC4D931D402BDF00A984DD /* SignUpViewController.m */; };
		03CC4D971D402C9600A984DD /* HomeViewController.m in Sources */ = {isa = PBXBuildFile; fileRef = 03CC4D961D402C9600A984DD /* HomeViewController.m */; };
		03CC4D9A1D402CCB00A984DD /* MyPostViewController.m in Sources */ = {isa = PBXBuildFile; fileRef = 03CC4D991D402CCB00A984DD /* MyPostViewController.m */; };
		03CC4D9D1D4048AF00A984DD /* radio_sel.png in Resources */ = {isa = PBXBuildFile; fileRef = 03CC4D9B1D4048AF00A984DD /* radio_sel.png */; };
		03CC4D9E1D4048AF00A984DD /* radio_unsel.png in Resources */ = {isa = PBXBuildFile; fileRef = 03CC4D9C1D4048AF00A984DD /* radio_unsel.png */; };
		03CC4DA11D4055C200A984DD /* MapKit.framework in Frameworks */ = {isa = PBXBuildFile; fileRef = 03CC4DA01D4055C200A984DD /* MapKit.framework */; };
		03CC4DAC1D406D1400A984DD /* MyMapView.m in Sources */ = {isa = PBXBuildFile; fileRef = 03CC4DAB1D406D1400A984DD /* MyMapView.m */; };
		03CC4DAE1D406D3900A984DD /* MyMapView.xib in Resources */ = {isa = PBXBuildFile; fileRef = 03CC4DAD1D406D3900A984DD /* MyMapView.xib */; };
		03CC4DB11D406DB400A984DD /* MyTableView.m in Sources */ = {isa = PBXBuildFile; fileRef = 03CC4DB01D406DB400A984DD /* MyTableView.m */; };
		03CC4DB31D406DE900A984DD /* MyTableView.xib in Resources */ = {isa = PBXBuildFile; fileRef = 03CC4DB21D406DE900A984DD /* MyTableView.xib */; };
		03CC4DB81D40795A00A984DD /* MyTableViewCell.m in Sources */ = {isa = PBXBuildFile; fileRef = 03CC4DB61D40795A00A984DD /* MyTableViewCell.m */; };
		03CC4DB91D40795A00A984DD /* MyTableViewCell.xib in Resources */ = {isa = PBXBuildFile; fileRef = 03CC4DB71D40795A00A984DD /* MyTableViewCell.xib */; };
		03CC4DC51D41070400A984DD /* sp.jpg in Resources */ = {isa = PBXBuildFile; fileRef = 03CC4DC41D41070400A984DD /* sp.jpg */; };
		03CC4DC71D41111E00A984DD /* real_estate.png in Resources */ = {isa = PBXBuildFile; fileRef = 03CC4DC61D41111E00A984DD /* real_estate.png */; };
		03CC4DC91D41187400A984DD /* photo_not_ava.jpg in Resources */ = {isa = PBXBuildFile; fileRef = 03CC4DC81D41187400A984DD /* photo_not_ava.jpg */; };
		03CC4DCC1D411F1900A984DD /* heart.png in Resources */ = {isa = PBXBuildFile; fileRef = 03CC4DCA1D411F1900A984DD /* heart.png */; };
		03CC4DCD1D411F1900A984DD /* like.png in Resources */ = {isa = PBXBuildFile; fileRef = 03CC4DCB1D411F1900A984DD /* like.png */; };
		03CC4DD01D41222000A984DD /* MyFavoriteViewController.m in Sources */ = {isa = PBXBuildFile; fileRef = 03CC4DCF1D41222000A984DD /* MyFavoriteViewController.m */; };
		03CC4DD71D41262000A984DD /* Property.m in Sources */ = {isa = PBXBuildFile; fileRef = 03CC4DD51D41262000A984DD /* Property.m */; };
		03CC4E041D419F8200A984DD /* Property+CoreDataProperties.m in Sources */ = {isa = PBXBuildFile; fileRef = 03CC4E031D419F8200A984DD /* Property+CoreDataProperties.m */; };
		03CC4E061D41A58200A984DD /* compass.png in Resources */ = {isa = PBXBuildFile; fileRef = 03CC4E051D41A58200A984DD /* compass.png */; };
		03CC4E091D41D5E900A984DD /* MyFavorCollectionViewCell.m in Sources */ = {isa = PBXBuildFile; fileRef = 03CC4E081D41D5E900A984DD /* MyFavorCollectionViewCell.m */; };
		3083678F1D415F050024767C /* newPostViewController.m in Sources */ = {isa = PBXBuildFile; fileRef = 3083678E1D415F050024767C /* newPostViewController.m */; };
/* End PBXBuildFile section */

/* Begin PBXFileReference section */
		03CC4D721D40147200A984DD /* RealEstate.app */ = {isa = PBXFileReference; explicitFileType = wrapper.application; includeInIndex = 0; path = RealEstate.app; sourceTree = BUILT_PRODUCTS_DIR; };
		03CC4D761D40147200A984DD /* main.m */ = {isa = PBXFileReference; lastKnownFileType = sourcecode.c.objc; path = main.m; sourceTree = "<group>"; };
		03CC4D781D40147200A984DD /* AppDelegate.h */ = {isa = PBXFileReference; lastKnownFileType = sourcecode.c.h; path = AppDelegate.h; sourceTree = "<group>"; };
		03CC4D791D40147200A984DD /* AppDelegate.m */ = {isa = PBXFileReference; lastKnownFileType = sourcecode.c.objc; path = AppDelegate.m; sourceTree = "<group>"; };
		03CC4D7B1D40147200A984DD /* ViewController.h */ = {isa = PBXFileReference; lastKnownFileType = sourcecode.c.h; path = ViewController.h; sourceTree = "<group>"; };
		03CC4D7C1D40147200A984DD /* ViewController.m */ = {isa = PBXFileReference; lastKnownFileType = sourcecode.c.objc; path = ViewController.m; sourceTree = "<group>"; };
		03CC4D7F1D40147200A984DD /* Base */ = {isa = PBXFileReference; lastKnownFileType = file.storyboard; name = Base; path = Base.lproj/Main.storyboard; sourceTree = "<group>"; };
		03CC4D821D40147200A984DD /* RealEstate.xcdatamodel */ = {isa = PBXFileReference; lastKnownFileType = wrapper.xcdatamodel; path = RealEstate.xcdatamodel; sourceTree = "<group>"; };
		03CC4D841D40147200A984DD /* Assets.xcassets */ = {isa = PBXFileReference; lastKnownFileType = folder.assetcatalog; path = Assets.xcassets; sourceTree = "<group>"; };
		03CC4D871D40147200A984DD /* Base */ = {isa = PBXFileReference; lastKnownFileType = file.storyboard; name = Base; path = Base.lproj/LaunchScreen.storyboard; sourceTree = "<group>"; };
		03CC4D891D40147200A984DD /* Info.plist */ = {isa = PBXFileReference; lastKnownFileType = text.plist.xml; path = Info.plist; sourceTree = "<group>"; };
		03CC4D921D402BDF00A984DD /* SignUpViewController.h */ = {isa = PBXFileReference; fileEncoding = 4; lastKnownFileType = sourcecode.c.h; path = SignUpViewController.h; sourceTree = "<group>"; };
		03CC4D931D402BDF00A984DD /* SignUpViewController.m */ = {isa = PBXFileReference; fileEncoding = 4; lastKnownFileType = sourcecode.c.objc; path = SignUpViewController.m; sourceTree = "<group>"; };
		03CC4D951D402C9600A984DD /* HomeViewController.h */ = {isa = PBXFileReference; fileEncoding = 4; lastKnownFileType = sourcecode.c.h; path = HomeViewController.h; sourceTree = "<group>"; };
		03CC4D961D402C9600A984DD /* HomeViewController.m */ = {isa = PBXFileReference; fileEncoding = 4; lastKnownFileType = sourcecode.c.objc; path = HomeViewController.m; sourceTree = "<group>"; };
		03CC4D981D402CCB00A984DD /* MyPostViewController.h */ = {isa = PBXFileReference; fileEncoding = 4; lastKnownFileType = sourcecode.c.h; path = MyPostViewController.h; sourceTree = "<group>"; };
		03CC4D991D402CCB00A984DD /* MyPostViewController.m */ = {isa = PBXFileReference; fileEncoding = 4; lastKnownFileType = sourcecode.c.objc; path = MyPostViewController.m; sourceTree = "<group>"; };
		03CC4D9B1D4048AF00A984DD /* radio_sel.png */ = {isa = PBXFileReference; lastKnownFileType = image.png; path = radio_sel.png; sourceTree = "<group>"; };
		03CC4D9C1D4048AF00A984DD /* radio_unsel.png */ = {isa = PBXFileReference; lastKnownFileType = image.png; path = radio_unsel.png; sourceTree = "<group>"; };
		03CC4DA01D4055C200A984DD /* MapKit.framework */ = {isa = PBXFileReference; lastKnownFileType = wrapper.framework; name = MapKit.framework; path = System/Library/Frameworks/MapKit.framework; sourceTree = SDKROOT; };
		03CC4DAA1D406D1400A984DD /* MyMapView.h */ = {isa = PBXFileReference; fileEncoding = 4; lastKnownFileType = sourcecode.c.h; path = MyMapView.h; sourceTree = "<group>"; };
		03CC4DAB1D406D1400A984DD /* MyMapView.m */ = {isa = PBXFileReference; fileEncoding = 4; lastKnownFileType = sourcecode.c.objc; path = MyMapView.m; sourceTree = "<group>"; };
		03CC4DAD1D406D3900A984DD /* MyMapView.xib */ = {isa = PBXFileReference; fileEncoding = 4; lastKnownFileType = file.xib; path = MyMapView.xib; sourceTree = "<group>"; };
		03CC4DAF1D406DB400A984DD /* MyTableView.h */ = {isa = PBXFileReference; fileEncoding = 4; lastKnownFileType = sourcecode.c.h; path = MyTableView.h; sourceTree = "<group>"; };
		03CC4DB01D406DB400A984DD /* MyTableView.m */ = {isa = PBXFileReference; fileEncoding = 4; lastKnownFileType = sourcecode.c.objc; path = MyTableView.m; sourceTree = "<group>"; };
		03CC4DB21D406DE900A984DD /* MyTableView.xib */ = {isa = PBXFileReference; fileEncoding = 4; lastKnownFileType = file.xib; path = MyTableView.xib; sourceTree = "<group>"; };
		03CC4DB51D40795A00A984DD /* MyTableViewCell.h */ = {isa = PBXFileReference; fileEncoding = 4; lastKnownFileType = sourcecode.c.h; path = MyTableViewCell.h; sourceTree = "<group>"; };
		03CC4DB61D40795A00A984DD /* MyTableViewCell.m */ = {isa = PBXFileReference; fileEncoding = 4; lastKnownFileType = sourcecode.c.objc; path = MyTableViewCell.m; sourceTree = "<group>"; };
		03CC4DB71D40795A00A984DD /* MyTableViewCell.xib */ = {isa = PBXFileReference; fileEncoding = 4; lastKnownFileType = file.xib; path = MyTableViewCell.xib; sourceTree = "<group>"; };
		03CC4DC41D41070400A984DD /* sp.jpg */ = {isa = PBXFileReference; lastKnownFileType = image.jpeg; path = sp.jpg; sourceTree = "<group>"; };
		03CC4DC61D41111E00A984DD /* real_estate.png */ = {isa = PBXFileReference; lastKnownFileType = image.png; path = real_estate.png; sourceTree = "<group>"; };
		03CC4DC81D41187400A984DD /* photo_not_ava.jpg */ = {isa = PBXFileReference; lastKnownFileType = image.jpeg; path = photo_not_ava.jpg; sourceTree = "<group>"; };
		03CC4DCA1D411F1900A984DD /* heart.png */ = {isa = PBXFileReference; lastKnownFileType = image.png; path = heart.png; sourceTree = "<group>"; };
		03CC4DCB1D411F1900A984DD /* like.png */ = {isa = PBXFileReference; lastKnownFileType = image.png; path = like.png; sourceTree = "<group>"; };
		03CC4DCE1D41222000A984DD /* MyFavoriteViewController.h */ = {isa = PBXFileReference; fileEncoding = 4; lastKnownFileType = sourcecode.c.h; path = MyFavoriteViewController.h; sourceTree = "<group>"; };
		03CC4DCF1D41222000A984DD /* MyFavoriteViewController.m */ = {isa = PBXFileReference; fileEncoding = 4; lastKnownFileType = sourcecode.c.objc; path = MyFavoriteViewController.m; sourceTree = "<group>"; };
		03CC4DD41D41262000A984DD /* Property.h */ = {isa = PBXFileReference; fileEncoding = 4; lastKnownFileType = sourcecode.c.h; path = Property.h; sourceTree = "<group>"; };
		03CC4DD51D41262000A984DD /* Property.m */ = {isa = PBXFileReference; fileEncoding = 4; lastKnownFileType = sourcecode.c.objc; path = Property.m; sourceTree = "<group>"; };
		03CC4E021D419F8200A984DD /* Property+CoreDataProperties.h */ = {isa = PBXFileReference; fileEncoding = 4; lastKnownFileType = sourcecode.c.h; path = "Property+CoreDataProperties.h"; sourceTree = "<group>"; };
		03CC4E031D419F8200A984DD /* Property+CoreDataProperties.m */ = {isa = PBXFileReference; fileEncoding = 4; lastKnownFileType = sourcecode.c.objc; path = "Property+CoreDataProperties.m"; sourceTree = "<group>"; };
		03CC4E051D41A58200A984DD /* compass.png */ = {isa = PBXFileReference; lastKnownFileType = image.png; path = compass.png; sourceTree = "<group>"; };
		03CC4E071D41D5E900A984DD /* MyFavorCollectionViewCell.h */ = {isa = PBXFileReference; fileEncoding = 4; lastKnownFileType = sourcecode.c.h; path = MyFavorCollectionViewCell.h; sourceTree = "<group>"; };
		03CC4E081D41D5E900A984DD /* MyFavorCollectionViewCell.m */ = {isa = PBXFileReference; fileEncoding = 4; lastKnownFileType = sourcecode.c.objc; path = MyFavorCollectionViewCell.m; sourceTree = "<group>"; };
		3083678D1D415F050024767C /* newPostViewController.h */ = {isa = PBXFileReference; fileEncoding = 4; lastKnownFileType = sourcecode.c.h; path = newPostViewController.h; sourceTree = "<group>"; };
		3083678E1D415F050024767C /* newPostViewController.m */ = {isa = PBXFileReference; fileEncoding = 4; lastKnownFileType = sourcecode.c.objc; path = newPostViewController.m; sourceTree = "<group>"; };
/* End PBXFileReference section */

/* Begin PBXFrameworksBuildPhase section */
		03CC4D6F1D40147200A984DD /* Frameworks */ = {
			isa = PBXFrameworksBuildPhase;
			buildActionMask = 2147483647;
			files = (
				03CC4DA11D4055C200A984DD /* MapKit.framework in Frameworks */,
			);
			runOnlyForDeploymentPostprocessing = 0;
		};
/* End PBXFrameworksBuildPhase section */

/* Begin PBXGroup section */
		03CC4D691D40147200A984DD = {
			isa = PBXGroup;
			children = (
				03CC4DA01D4055C200A984DD /* MapKit.framework */,
				03CC4D741D40147200A984DD /* RealEstate */,
				03CC4D731D40147200A984DD /* Products */,
			);
			sourceTree = "<group>";
		};
		03CC4D731D40147200A984DD /* Products */ = {
			isa = PBXGroup;
			children = (
				03CC4D721D40147200A984DD /* RealEstate.app */,
			);
			name = Products;
			sourceTree = "<group>";
		};
		03CC4D741D40147200A984DD /* RealEstate */ = {
			isa = PBXGroup;
			children = (
				03CC4D9F1D4048B400A984DD /* images */,
				03CC4D781D40147200A984DD /* AppDelegate.h */,
				03CC4D791D40147200A984DD /* AppDelegate.m */,
				03CC4DCE1D41222000A984DD /* MyFavoriteViewController.h */,
				03CC4DCF1D41222000A984DD /* MyFavoriteViewController.m */,
				03CC4E071D41D5E900A984DD /* MyFavorCollectionViewCell.h */,
				03CC4E081D41D5E900A984DD /* MyFavorCollectionViewCell.m */,
				03CC4DB41D40748D00A984DD /* HomeViewController */,
				03CC4D911D402B8700A984DD /* Login + SignUp */,
				03CC4D901D40148C00A984DD /* Buyer */,
				03CC4D8F1D40148300A984DD /* Seller */,
				03CC4D7E1D40147200A984DD /* Main.storyboard */,
				3083678D1D415F050024767C /* newPostViewController.h */,
				3083678E1D415F050024767C /* newPostViewController.m */,
				03CC4D841D40147200A984DD /* Assets.xcassets */,
				03CC4D861D40147200A984DD /* LaunchScreen.storyboard */,
				03CC4D891D40147200A984DD /* Info.plist */,
				03CC4DD11D4125F400A984DD /* Core Data */,
				03CC4D751D40147200A984DD /* Supporting Files */,
			);
			path = RealEstate;
			sourceTree = "<group>";
		};
		03CC4D751D40147200A984DD /* Supporting Files */ = {
			isa = PBXGroup;
			children = (
				03CC4D761D40147200A984DD /* main.m */,
			);
			name = "Supporting Files";
			sourceTree = "<group>";
		};
		03CC4D8F1D40148300A984DD /* Seller */ = {
			isa = PBXGroup;
			children = (
				03CC4D981D402CCB00A984DD /* MyPostViewController.h */,
				03CC4D991D402CCB00A984DD /* MyPostViewController.m */,
			);
			name = Seller;
			sourceTree = "<group>";
		};
		03CC4D901D40148C00A984DD /* Buyer */ = {
			isa = PBXGroup;
			children = (
			);
			name = Buyer;
			sourceTree = "<group>";
		};
		03CC4D911D402B8700A984DD /* Login + SignUp */ = {
			isa = PBXGroup;
			children = (
				03CC4D7B1D40147200A984DD /* ViewController.h */,
				03CC4D7C1D40147200A984DD /* ViewController.m */,
				03CC4D921D402BDF00A984DD /* SignUpViewController.h */,
				03CC4D931D402BDF00A984DD /* SignUpViewController.m */,
			);
			name = "Login + SignUp";
			sourceTree = "<group>";
		};
		03CC4D9F1D4048B400A984DD /* images */ = {
			isa = PBXGroup;
			children = (
				03CC4E051D41A58200A984DD /* compass.png */,
				03CC4DCA1D411F1900A984DD /* heart.png */,
				03CC4DCB1D411F1900A984DD /* like.png */,
				03CC4DC81D41187400A984DD /* photo_not_ava.jpg */,
				03CC4D9B1D4048AF00A984DD /* radio_sel.png */,
				03CC4D9C1D4048AF00A984DD /* radio_unsel.png */,
				03CC4DC61D41111E00A984DD /* real_estate.png */,
				03CC4DC41D41070400A984DD /* sp.jpg */,
			);
			name = images;
			sourceTree = "<group>";
		};
		03CC4DB41D40748D00A984DD /* HomeViewController */ = {
			isa = PBXGroup;
			children = (
				03CC4D951D402C9600A984DD /* HomeViewController.h */,
				03CC4D961D402C9600A984DD /* HomeViewController.m */,
				03CC4DAA1D406D1400A984DD /* MyMapView.h */,
				03CC4DAB1D406D1400A984DD /* MyMapView.m */,
				03CC4DAD1D406D3900A984DD /* MyMapView.xib */,
				03CC4DAF1D406DB400A984DD /* MyTableView.h */,
				03CC4DB01D406DB400A984DD /* MyTableView.m */,
				03CC4DB21D406DE900A984DD /* MyTableView.xib */,
				03CC4DB51D40795A00A984DD /* MyTableViewCell.h */,
				03CC4DB61D40795A00A984DD /* MyTableViewCell.m */,
				03CC4DB71D40795A00A984DD /* MyTableViewCell.xib */,
			);
			name = HomeViewController;
			sourceTree = "<group>";
		};
		03CC4DD11D4125F400A984DD /* Core Data */ = {
			isa = PBXGroup;
			children = (
				03CC4D811D40147200A984DD /* RealEstate.xcdatamodeld */,
				03CC4E021D419F8200A984DD /* Property+CoreDataProperties.h */,
				03CC4E031D419F8200A984DD /* Property+CoreDataProperties.m */,
				03CC4DD41D41262000A984DD /* Property.h */,
				03CC4DD51D41262000A984DD /* Property.m */,
			);
			name = "Core Data";
			sourceTree = "<group>";
		};
/* End PBXGroup section */

/* Begin PBXNativeTarget section */
		03CC4D711D40147200A984DD /* RealEstate */ = {
			isa = PBXNativeTarget;
			buildConfigurationList = 03CC4D8C1D40147200A984DD /* Build configuration list for PBXNativeTarget "RealEstate" */;
			buildPhases = (
				03CC4D6E1D40147200A984DD /* Sources */,
				03CC4D6F1D40147200A984DD /* Frameworks */,
				03CC4D701D40147200A984DD /* Resources */,
			);
			buildRules = (
			);
			dependencies = (
			);
			name = RealEstate;
			productName = RealEstate;
			productReference = 03CC4D721D40147200A984DD /* RealEstate.app */;
			productType = "com.apple.product-type.application";
		};
/* End PBXNativeTarget section */

/* Begin PBXProject section */
		03CC4D6A1D40147200A984DD /* Project object */ = {
			isa = PBXProject;
			attributes = {
				LastUpgradeCheck = 0730;
				ORGANIZATIONNAME = Zhuoyu;
				TargetAttributes = {
					03CC4D711D40147200A984DD = {
						CreatedOnToolsVersion = 7.3.1;
						DevelopmentTeam = L9B63KP94R;
					};
				};
			};
			buildConfigurationList = 03CC4D6D1D40147200A984DD /* Build configuration list for PBXProject "RealEstate" */;
			compatibilityVersion = "Xcode 3.2";
			developmentRegion = English;
			hasScannedForEncodings = 0;
			knownRegions = (
				en,
				Base,
			);
			mainGroup = 03CC4D691D40147200A984DD;
			productRefGroup = 03CC4D731D40147200A984DD /* Products */;
			projectDirPath = "";
			projectRoot = "";
			targets = (
				03CC4D711D40147200A984DD /* RealEstate */,
			);
		};
/* End PBXProject section */

/* Begin PBXResourcesBuildPhase section */
		03CC4D701D40147200A984DD /* Resources */ = {
			isa = PBXResourcesBuildPhase;
			buildActionMask = 2147483647;
			files = (
				03CC4D881D40147200A984DD /* LaunchScreen.storyboard in Resources */,
				03CC4D851D40147200A984DD /* Assets.xcassets in Resources */,
				03CC4D9E1D4048AF00A984DD /* radio_unsel.png in Resources */,
				03CC4DC71D41111E00A984DD /* real_estate.png in Resources */,
				03CC4E061D41A58200A984DD /* compass.png in Resources */,
				03CC4DCC1D411F1900A984DD /* heart.png in Resources */,
				03CC4DAE1D406D3900A984DD /* MyMapView.xib in Resources */,
				03CC4DB31D406DE900A984DD /* MyTableView.xib in Resources */,
				03CC4DB91D40795A00A984DD /* MyTableViewCell.xib in Resources */,
				03CC4D9D1D4048AF00A984DD /* radio_sel.png in Resources */,
				03CC4DC51D41070400A984DD /* sp.jpg in Resources */,
				03CC4DCD1D411F1900A984DD /* like.png in Resources */,
				03CC4DC91D41187400A984DD /* photo_not_ava.jpg in Resources */,
				03CC4D801D40147200A984DD /* Main.storyboard in Resources */,
			);
			runOnlyForDeploymentPostprocessing = 0;
		};
/* End PBXResourcesBuildPhase section */

/* Begin PBXSourcesBuildPhase section */
		03CC4D6E1D40147200A984DD /* Sources */ = {
			isa = PBXSourcesBuildPhase;
			buildActionMask = 2147483647;
			files = (
				03CC4DD71D41262000A984DD /* Property.m in Sources */,
				03CC4D7D1D40147200A984DD /* ViewController.m in Sources */,
				03CC4D941D402BDF00A984DD /* SignUpViewController.m in Sources */,
				03CC4D9A1D402CCB00A984DD /* MyPostViewController.m in Sources */,
				03CC4E091D41D5E900A984DD /* MyFavorCollectionViewCell.m in Sources */,
				03CC4D831D40147200A984DD /* RealEstate.xcdatamodeld in Sources */,
				3083678F1D415F050024767C /* newPostViewController.m in Sources */,
				03CC4D7A1D40147200A984DD /* AppDelegate.m in Sources */,
				03CC4DAC1D406D1400A984DD /* MyMapView.m in Sources */,
				03CC4D771D40147200A984DD /* main.m in Sources */,
				03CC4D971D402C9600A984DD /* HomeViewController.m in Sources */,
				03CC4DD01D41222000A984DD /* MyFavoriteViewController.m in Sources */,
				03CC4DB11D406DB400A984DD /* MyTableView.m in Sources */,
				03CC4E041D419F8200A984DD /* Property+CoreDataProperties.m in Sources */,
				03CC4DB81D40795A00A984DD /* MyTableViewCell.m in Sources */,
			);
			runOnlyForDeploymentPostprocessing = 0;
		};
/* End PBXSourcesBuildPhase section */

/* Begin PBXVariantGroup section */
		03CC4D7E1D40147200A984DD /* Main.storyboard */ = {
			isa = PBXVariantGroup;
			children = (
				03CC4D7F1D40147200A984DD /* Base */,
			);
			name = Main.storyboard;
			sourceTree = "<group>";
		};
		03CC4D861D40147200A984DD /* LaunchScreen.storyboard */ = {
			isa = PBXVariantGroup;
			children = (
				03CC4D871D40147200A984DD /* Base */,
			);
			name = LaunchScreen.storyboard;
			sourceTree = "<group>";
		};
/* End PBXVariantGroup section */

/* Begin XCBuildConfiguration section */
		03CC4D8A1D40147200A984DD /* Debug */ = {
			isa = XCBuildConfiguration;
			buildSettings = {
				ALWAYS_SEARCH_USER_PATHS = NO;
				CLANG_ANALYZER_NONNULL = YES;
				CLANG_CXX_LANGUAGE_STANDARD = "gnu++0x";
				CLANG_CXX_LIBRARY = "libc++";
				CLANG_ENABLE_MODULES = YES;
				CLANG_ENABLE_OBJC_ARC = YES;
				CLANG_WARN_BOOL_CONVERSION = YES;
				CLANG_WARN_CONSTANT_CONVERSION = YES;
				CLANG_WARN_DIRECT_OBJC_ISA_USAGE = YES_ERROR;
				CLANG_WARN_EMPTY_BODY = YES;
				CLANG_WARN_ENUM_CONVERSION = YES;
				CLANG_WARN_INT_CONVERSION = YES;
				CLANG_WARN_OBJC_ROOT_CLASS = YES_ERROR;
				CLANG_WARN_UNREACHABLE_CODE = YES;
				CLANG_WARN__DUPLICATE_METHOD_MATCH = YES;
				"CODE_SIGN_IDENTITY[sdk=iphoneos*]" = "iPhone Developer";
				COPY_PHASE_STRIP = NO;
				DEBUG_INFORMATION_FORMAT = dwarf;
				ENABLE_STRICT_OBJC_MSGSEND = YES;
				ENABLE_TESTABILITY = YES;
				GCC_C_LANGUAGE_STANDARD = gnu99;
				GCC_DYNAMIC_NO_PIC = NO;
				GCC_NO_COMMON_BLOCKS = YES;
				GCC_OPTIMIZATION_LEVEL = 0;
				GCC_PREPROCESSOR_DEFINITIONS = (
					"DEBUG=1",
					"$(inherited)",
				);
				GCC_WARN_64_TO_32_BIT_CONVERSION = YES;
				GCC_WARN_ABOUT_RETURN_TYPE = YES_ERROR;
				GCC_WARN_UNDECLARED_SELECTOR = YES;
				GCC_WARN_UNINITIALIZED_AUTOS = YES_AGGRESSIVE;
				GCC_WARN_UNUSED_FUNCTION = YES;
				GCC_WARN_UNUSED_VARIABLE = YES;
				IPHONEOS_DEPLOYMENT_TARGET = 9.3;
				MTL_ENABLE_DEBUG_INFO = YES;
				ONLY_ACTIVE_ARCH = YES;
				SDKROOT = iphoneos;
			};
			name = Debug;
		};
		03CC4D8B1D40147200A984DD /* Release */ = {
			isa = XCBuildConfiguration;
			buildSettings = {
				ALWAYS_SEARCH_USER_PATHS = NO;
				CLANG_ANALYZER_NONNULL = YES;
				CLANG_CXX_LANGUAGE_STANDARD = "gnu++0x";
				CLANG_CXX_LIBRARY = "libc++";
				CLANG_ENABLE_MODULES = YES;
				CLANG_ENABLE_OBJC_ARC = YES;
				CLANG_WARN_BOOL_CONVERSION = YES;
				CLANG_WARN_CONSTANT_CONVERSION = YES;
				CLANG_WARN_DIRECT_OBJC_ISA_USAGE = YES_ERROR;
				CLANG_WARN_EMPTY_BODY = YES;
				CLANG_WARN_ENUM_CONVERSION = YES;
				CLANG_WARN_INT_CONVERSION = YES;
				CLANG_WARN_OBJC_ROOT_CLASS = YES_ERROR;
				CLANG_WARN_UNREACHABLE_CODE = YES;
				CLANG_WARN__DUPLICATE_METHOD_MATCH = YES;
				"CODE_SIGN_IDENTITY[sdk=iphoneos*]" = "iPhone Developer";
				COPY_PHASE_STRIP = NO;
				DEBUG_INFORMATION_FORMAT = "dwarf-with-dsym";
				ENABLE_NS_ASSERTIONS = NO;
				ENABLE_STRICT_OBJC_MSGSEND = YES;
				GCC_C_LANGUAGE_STANDARD = gnu99;
				GCC_NO_COMMON_BLOCKS = YES;
				GCC_WARN_64_TO_32_BIT_CONVERSION = YES;
				GCC_WARN_ABOUT_RETURN_TYPE = YES_ERROR;
				GCC_WARN_UNDECLARED_SELECTOR = YES;
				GCC_WARN_UNINITIALIZED_AUTOS = YES_AGGRESSIVE;
				GCC_WARN_UNUSED_FUNCTION = YES;
				GCC_WARN_UNUSED_VARIABLE = YES;
				IPHONEOS_DEPLOYMENT_TARGET = 9.3;
				MTL_ENABLE_DEBUG_INFO = NO;
				SDKROOT = iphoneos;
				VALIDATE_PRODUCT = YES;
			};
			name = Release;
		};
		03CC4D8D1D40147200A984DD /* Debug */ = {
			isa = XCBuildConfiguration;
			buildSettings = {
				ASSETCATALOG_COMPILER_APPICON_NAME = AppIcon;
				CODE_SIGN_IDENTITY = "iPhone Developer";
				"CODE_SIGN_IDENTITY[sdk=iphoneos*]" = "iPhone Developer";
				INFOPLIST_FILE = RealEstate/Info.plist;
				LD_RUNPATH_SEARCH_PATHS = "$(inherited) @executable_path/Frameworks";
				PRODUCT_BUNDLE_IDENTIFIER = "-.RealEstate1";
				PRODUCT_NAME = "$(TARGET_NAME)";
				PROVISIONING_PROFILE = "";
			};
			name = Debug;
		};
		03CC4D8E1D40147200A984DD /* Release */ = {
			isa = XCBuildConfiguration;
			buildSettings = {
				ASSETCATALOG_COMPILER_APPICON_NAME = AppIcon;
				CODE_SIGN_IDENTITY = "iPhone Developer";
				"CODE_SIGN_IDENTITY[sdk=iphoneos*]" = "iPhone Developer";
				INFOPLIST_FILE = RealEstate/Info.plist;
				LD_RUNPATH_SEARCH_PATHS = "$(inherited) @executable_path/Frameworks";
				PRODUCT_BUNDLE_IDENTIFIER = "-.RealEstate1";
				PRODUCT_NAME = "$(TARGET_NAME)";
				PROVISIONING_PROFILE = "";
			};
			name = Release;
		};
/* End XCBuildConfiguration section */

/* Begin XCConfigurationList section */
		03CC4D6D1D40147200A984DD /* Build configuration list for PBXProject "RealEstate" */ = {
			isa = XCConfigurationList;
			buildConfigurations = (
				03CC4D8A1D40147200A984DD /* Debug */,
				03CC4D8B1D40147200A984DD /* Release */,
			);
			defaultConfigurationIsVisible = 0;
			defaultConfigurationName = Release;
		};
		03CC4D8C1D40147200A984DD /* Build configuration list for PBXNativeTarget "RealEstate" */ = {
			isa = XCConfigurationList;
			buildConfigurations = (
				03CC4D8D1D40147200A984DD /* Debug */,
				03CC4D8E1D40147200A984DD /* Release */,
			);
			defaultConfigurationIsVisible = 0;
			defaultConfigurationName = Release;
		};
/* End XCConfigurationList section */

/* Begin XCVersionGroup section */
		03CC4D811D40147200A984DD /* RealEstate.xcdatamodeld */ = {
			isa = XCVersionGroup;
			children = (
				03CC4D821D40147200A984DD /* RealEstate.xcdatamodel */,
			);
			currentVersion = 03CC4D821D40147200A984DD /* RealEstate.xcdatamodel */;
			path = RealEstate.xcdatamodeld;
			sourceTree = "<group>";
			versionGroupType = wrapper.xcdatamodel;
		};
/* End XCVersionGroup section */
	};
	rootObject = 03CC4D6A1D40147200A984DD /* Project object */;
}
